
Microsoft Visual Studio Solution File, Format Version 12.00
# Visual Studio Version 17
VisualStudioVersion = 17.10.34928.147
MinimumVisualStudioVersion = 10.0.40219.1
Project("{FAE04EC0-301F-11D3-BF4B-00C04F79EFBC}") = "RibeiraoPretoTeste", "RibeiraoPretoTeste.csproj", "{6713347D-F5FF-4F5F-B20C-009231E7E04C}"
EndProject
Global
	GlobalSection(SolutionConfigurationPlatforms) = preSolution
		Debug|Any CPU = Debug|Any CPU
		Release|Any CPU = Release|Any CPU
	EndGlobalSection
	GlobalSection(ProjectConfigurationPlatforms) = postSolution
		{6713347D-F5FF-4F5F-B20C-009231E7E04C}.Debug|Any CPU.ActiveCfg = Debug|Any CPU
		{6713347D-F5FF-4F5F-B20C-009231E7E04C}.Debug|Any CPU.Build.0 = Debug|Any CPU
		{6713347D-F5FF-4F5F-B20C-009231E7E04C}.Release|Any CPU.ActiveCfg = Release|Any CPU
		{6713347D-F5FF-4F5F-B20C-009231E7E04C}.Release|Any CPU.Build.0 = Release|Any CPU
	EndGlobalSection
	GlobalSection(SolutionProperties) = preSolution
		HideSolutionNode = FALSE
	EndGlobalSection
	GlobalSection(ExtensibilityGlobals) = postSolution
		SolutionGuid = {E3F502F9-1AA5-47E4-9E14-2B5B82DB5D88}
	EndGlobalSection
EndGlobal
